Microsoft Visual Studio Solution File, Format Version 12.00
# Visual Studio Version 17
VisualStudioVersion = 17.5.2.0
MinimumVisualStudioVersion = 10.0.40219.1
Project("{FAE04EC0-301F-11D3-BF4B-00C04F79EFBC}") = "DockerScan", "DockerScan\DockerScan.csproj", "{A1687833-659A-6E3E-7188-8BBF07F8EE04}"
EndProject
Global
	GlobalSection(SolutionConfigurationPlatforms) = preSolution
		Debug|Any CPU = Debug|Any CPU
		Release|Any CPU = Release|Any CPU
	EndGlobalSection
	GlobalSection(ProjectConfigurationPlatforms) = postSolution
		{A1687833-659A-6E3E-7188-8BBF07F8EE04}.Debug|Any CPU.ActiveCfg = Debug|Any CPU
		{A1687833-659A-6E3E-7188-8BBF07F8EE04}.Debug|Any CPU.Build.0 = Debug|Any CPU
		{A1687833-659A-6E3E-7188-8BBF07F8EE04}.Release|Any CPU.ActiveCfg = Release|Any CPU
		{A1687833-659A-6E3E-7188-8BBF07F8EE04}.Release|Any CPU.Build.0 = Release|Any CPU
	EndGlobalSection
	GlobalSection(SolutionProperties) = preSolution
		HideSolutionNode = FALSE
	EndGlobalSection
	GlobalSection(ExtensibilityGlobals) = postSolution
		SolutionGuid = {A9B7D36D-6097-4F8C-AE8A-1A5EFF8139E3}
	EndGlobalSection
EndGlobal
